
Microsoft Visual Studio Solution File, Format Version 12.00
# Visual Studio 2012
Project("{FAE04EC0-301F-11D3-BF4B-00C04F79EFBC}") = "BetterSalesman.Core", "BetterSalesman.Core\BetterSalesman.Core.csproj", "{8009200B-75E2-4C9D-B7E0-8E59CC9FB312}"
EndProject
Project("{FAE04EC0-301F-11D3-BF4B-00C04F79EFBC}") = "BetterSalesman.iOS", "BetterSalesman.iOS\BetterSalesman.iOS.csproj", "{FC3A09F4-AA4B-41C5-98D4-93060851E0A8}"
EndProject
Project("{FAE04EC0-301F-11D3-BF4B-00C04F79EFBC}") = "BetterSalesman.Droid", "BetterSalesman.Droid\BetterSalesman.Droid.csproj", "{3C98D868-2FC7-474C-91CC-5D44586EE00B}"
EndProject
Project("{FAE04EC0-301F-11D3-BF4B-00C04F79EFBC}") = "BetterSalesman.iOS.Tests", "BetterSalesman.iOS.Tests\BetterSalesman.iOS.Tests.csproj", "{6AF2B01E-162E-4184-9C1A-D346D84ED656}"
EndProject
Project("{FAE04EC0-301F-11D3-BF4B-00C04F79EFBC}") = "XValidator", "XValidator\XValidator.csproj", "{AC50FD98-29D9-4DB8-B88A-4A9B545BC5B2}"
EndProject
Global
	GlobalSection(SolutionConfigurationPlatforms) = preSolution
		Debug|iPhoneSimulator = Debug|iPhoneSimulator
		Release|iPhoneSimulator = Release|iPhoneSimulator
		Debug|iPhone = Debug|iPhone
		Release|iPhone = Release|iPhone
		Ad-Hoc|iPhone = Ad-Hoc|iPhone
		AppStore|iPhone = AppStore|iPhone
	EndGlobalSection
	GlobalSection(ProjectConfigurationPlatforms) = postSolution
		{3C98D868-2FC7-474C-91CC-5D44586EE00B}.Ad-Hoc|iPhone.ActiveCfg = Release|Any CPU
		{3C98D868-2FC7-474C-91CC-5D44586EE00B}.AppStore|iPhone.ActiveCfg = Release|Any CPU
		{3C98D868-2FC7-474C-91CC-5D44586EE00B}.Debug|iPhone.ActiveCfg = Debug|Any CPU
		{3C98D868-2FC7-474C-91CC-5D44586EE00B}.Debug|iPhoneSimulator.ActiveCfg = Debug|Any CPU
		{3C98D868-2FC7-474C-91CC-5D44586EE00B}.Release|iPhone.ActiveCfg = Release|Any CPU
		{3C98D868-2FC7-474C-91CC-5D44586EE00B}.Release|iPhoneSimulator.ActiveCfg = Release|Any CPU
		{6AF2B01E-162E-4184-9C1A-D346D84ED656}.Ad-Hoc|iPhone.ActiveCfg = Ad-Hoc|iPhone
		{6AF2B01E-162E-4184-9C1A-D346D84ED656}.AppStore|iPhone.ActiveCfg = AppStore|iPhone
		{6AF2B01E-162E-4184-9C1A-D346D84ED656}.AppStore|iPhone.Build.0 = AppStore|iPhone
		{6AF2B01E-162E-4184-9C1A-D346D84ED656}.Debug|iPhone.ActiveCfg = Debug|iPhone
		{6AF2B01E-162E-4184-9C1A-D346D84ED656}.Debug|iPhone.Build.0 = Debug|iPhone
		{6AF2B01E-162E-4184-9C1A-D346D84ED656}.Debug|iPhoneSimulator.ActiveCfg = Debug|iPhoneSimulator
		{6AF2B01E-162E-4184-9C1A-D346D84ED656}.Debug|iPhoneSimulator.Build.0 = Debug|iPhoneSimulator
		{6AF2B01E-162E-4184-9C1A-D346D84ED656}.Release|iPhone.ActiveCfg = Release|iPhone
		{6AF2B01E-162E-4184-9C1A-D346D84ED656}.Release|iPhone.Build.0 = Release|iPhone
		{6AF2B01E-162E-4184-9C1A-D346D84ED656}.Release|iPhoneSimulator.ActiveCfg = Release|iPhoneSimulator
		{6AF2B01E-162E-4184-9C1A-D346D84ED656}.Release|iPhoneSimulator.Build.0 = Release|iPhoneSimulator
		{8009200B-75E2-4C9D-B7E0-8E59CC9FB312}.Ad-Hoc|iPhone.ActiveCfg = Release|Any CPU
		{8009200B-75E2-4C9D-B7E0-8E59CC9FB312}.AppStore|iPhone.ActiveCfg = Release|Any CPU
		{8009200B-75E2-4C9D-B7E0-8E59CC9FB312}.AppStore|iPhone.Build.0 = Release|Any CPU
		{8009200B-75E2-4C9D-B7E0-8E59CC9FB312}.Debug|iPhone.ActiveCfg = Debug|Any CPU
		{8009200B-75E2-4C9D-B7E0-8E59CC9FB312}.Debug|iPhone.Build.0 = Debug|Any CPU
		{8009200B-75E2-4C9D-B7E0-8E59CC9FB312}.Debug|iPhoneSimulator.ActiveCfg = Debug|Any CPU
		{8009200B-75E2-4C9D-B7E0-8E59CC9FB312}.Debug|iPhoneSimulator.Build.0 = Debug|Any CPU
		{8009200B-75E2-4C9D-B7E0-8E59CC9FB312}.Release|iPhone.ActiveCfg = Release|Any CPU
		{8009200B-75E2-4C9D-B7E0-8E59CC9FB312}.Release|iPhone.Build.0 = Release|Any CPU
		{8009200B-75E2-4C9D-B7E0-8E59CC9FB312}.Release|iPhoneSimulator.ActiveCfg = Release|Any CPU
		{8009200B-75E2-4C9D-B7E0-8E59CC9FB312}.Release|iPhoneSimulator.Build.0 = Release|Any CPU
		{AC50FD98-29D9-4DB8-B88A-4A9B545BC5B2}.Ad-Hoc|iPhone.ActiveCfg = Release|Any CPU
		{AC50FD98-29D9-4DB8-B88A-4A9B545BC5B2}.Ad-Hoc|iPhone.Build.0 = Release|Any CPU
		{AC50FD98-29D9-4DB8-B88A-4A9B545BC5B2}.AppStore|iPhone.ActiveCfg = Release|Any CPU
		{AC50FD98-29D9-4DB8-B88A-4A9B545BC5B2}.AppStore|iPhone.Build.0 = Release|Any CPU
		{AC50FD98-29D9-4DB8-B88A-4A9B545BC5B2}.Debug|iPhone.ActiveCfg = Debug|Any CPU
		{AC50FD98-29D9-4DB8-B88A-4A9B545BC5B2}.Debug|iPhone.Build.0 = Debug|Any CPU
		{AC50FD98-29D9-4DB8-B88A-4A9B545BC5B2}.Debug|iPhoneSimulator.ActiveCfg = Debug|Any CPU
		{AC50FD98-29D9-4DB8-B88A-4A9B545BC5B2}.Debug|iPhoneSimulator.Build.0 = Debug|Any CPU
		{AC50FD98-29D9-4DB8-B88A-4A9B545BC5B2}.Release|iPhone.ActiveCfg = Release|Any CPU
		{AC50FD98-29D9-4DB8-B88A-4A9B545BC5B2}.Release|iPhone.Build.0 = Release|Any CPU
		{AC50FD98-29D9-4DB8-B88A-4A9B545BC5B2}.Release|iPhoneSimulator.ActiveCfg = Release|Any CPU
		{AC50FD98-29D9-4DB8-B88A-4A9B545BC5B2}.Release|iPhoneSimulator.Build.0 = Release|Any CPU
		{FC3A09F4-AA4B-41C5-98D4-93060851E0A8}.Ad-Hoc|iPhone.ActiveCfg = Ad-Hoc|iPhone
		{FC3A09F4-AA4B-41C5-98D4-93060851E0A8}.Ad-Hoc|iPhone.Build.0 = Ad-Hoc|iPhone
		{FC3A09F4-AA4B-41C5-98D4-93060851E0A8}.AppStore|iPhone.ActiveCfg = AppStore|iPhone
		{FC3A09F4-AA4B-41C5-98D4-93060851E0A8}.AppStore|iPhone.Build.0 = AppStore|iPhone
		{FC3A09F4-AA4B-41C5-98D4-93060851E0A8}.Debug|iPhone.ActiveCfg = Debug|iPhone
		{FC3A09F4-AA4B-41C5-98D4-93060851E0A8}.Debug|iPhone.Build.0 = Debug|iPhone
		{FC3A09F4-AA4B-41C5-98D4-93060851E0A8}.Debug|iPhoneSimulator.ActiveCfg = Debug|iPhoneSimulator
		{FC3A09F4-AA4B-41C5-98D4-93060851E0A8}.Debug|iPhoneSimulator.Build.0 = Debug|iPhoneSimulator
		{FC3A09F4-AA4B-41C5-98D4-93060851E0A8}.Release|iPhone.ActiveCfg = Release|iPhone
		{FC3A09F4-AA4B-41C5-98D4-93060851E0A8}.Release|iPhone.Build.0 = Release|iPhone
		{FC3A09F4-AA4B-41C5-98D4-93060851E0A8}.Release|iPhoneSimulator.ActiveCfg = Release|iPhoneSimulator
		{FC3A09F4-AA4B-41C5-98D4-93060851E0A8}.Release|iPhoneSimulator.Build.0 = Release|iPhoneSimulator
	EndGlobalSection
	GlobalSection(MonoDevelopProperties) = preSolution
		StartupItem = BetterSalesman.iOS\BetterSalesman.iOS.csproj
	EndGlobalSection
EndGlobal
